
Microsoft Visual Studio Solution File, Format Version 12.00
# Visual Studio Version 16
VisualStudioVersion = 16.0.30114.105
MinimumVisualStudioVersion = 10.0.40219.1
Project("{FAE04EC0-301F-11D3-BF4B-00C04F79EFBC}") = "faaliat 6", "faaliat 6\faaliat 6.csproj", "{3F8E0095-3D40-44B9-9C19-73B5D9CF69D9}"
EndProject
Global
	GlobalSection(SolutionConfigurationPlatforms) = preSolution
		Debug|Any CPU = Debug|Any CPU
		Release|Any CPU = Release|Any CPU
	EndGlobalSection
	GlobalSection(ProjectConfigurationPlatforms) = postSolution
		{3F8E0095-3D40-44B9-9C19-73B5D9CF69D9}.Debug|Any CPU.ActiveCfg = Debug|Any CPU
		{3F8E0095-3D40-44B9-9C19-73B5D9CF69D9}.Debug|Any CPU.Build.0 = Debug|Any CPU
		{3F8E0095-3D40-44B9-9C19-73B5D9CF69D9}.Release|Any CPU.ActiveCfg = Release|Any CPU
		{3F8E0095-3D40-44B9-9C19-73B5D9CF69D9}.Release|Any CPU.Build.0 = Release|Any CPU
	EndGlobalSection
	GlobalSection(SolutionProperties) = preSolution
		HideSolutionNode = FALSE
	EndGlobalSection
	GlobalSection(ExtensibilityGlobals) = postSolution
		SolutionGuid = {C344B922-74EE-4F54-A0B5-EBE6BEBD01CB}
	EndGlobalSection
EndGlobal
