
Microsoft Visual Studio Solution File, Format Version 12.00
# Visual Studio Version 16
VisualStudioVersion = 16.0.30114.105
MinimumVisualStudioVersion = 10.0.40219.1
Project("{FAE04EC0-301F-11D3-BF4B-00C04F79EFBC}") = "soal 5", "soal 5\soal 5.csproj", "{2B8E6769-67C9-4BD2-897B-C877736815FD}"
EndProject
Global
	GlobalSection(SolutionConfigurationPlatforms) = preSolution
		Debug|Any CPU = Debug|Any CPU
		Release|Any CPU = Release|Any CPU
	EndGlobalSection
	GlobalSection(ProjectConfigurationPlatforms) = postSolution
		{2B8E6769-67C9-4BD2-897B-C877736815FD}.Debug|Any CPU.ActiveCfg = Debug|Any CPU
		{2B8E6769-67C9-4BD2-897B-C877736815FD}.Debug|Any CPU.Build.0 = Debug|Any CPU
		{2B8E6769-67C9-4BD2-897B-C877736815FD}.Release|Any CPU.ActiveCfg = Release|Any CPU
		{2B8E6769-67C9-4BD2-897B-C877736815FD}.Release|Any CPU.Build.0 = Release|Any CPU
	EndGlobalSection
	GlobalSection(SolutionProperties) = preSolution
		HideSolutionNode = FALSE
	EndGlobalSection
	GlobalSection(ExtensibilityGlobals) = postSolution
		SolutionGuid = {DBC59F5F-CFEE-4FCA-881A-7593E0F54991}
	EndGlobalSection
EndGlobal
