
Microsoft Visual Studio Solution File, Format Version 12.00
# Visual Studio Version 16
VisualStudioVersion = 16.0.30114.105
MinimumVisualStudioVersion = 10.0.40219.1
Project("{FAE04EC0-301F-11D3-BF4B-00C04F79EFBC}") = "soal 2", "soal 2\soal 2.csproj", "{57B66F73-7A1A-4EBE-90EE-369EA3EE735A}"
EndProject
Global
	GlobalSection(SolutionConfigurationPlatforms) = preSolution
		Debug|Any CPU = Debug|Any CPU
		Release|Any CPU = Release|Any CPU
	EndGlobalSection
	GlobalSection(ProjectConfigurationPlatforms) = postSolution
		{57B66F73-7A1A-4EBE-90EE-369EA3EE735A}.Debug|Any CPU.ActiveCfg = Debug|Any CPU
		{57B66F73-7A1A-4EBE-90EE-369EA3EE735A}.Debug|Any CPU.Build.0 = Debug|Any CPU
		{57B66F73-7A1A-4EBE-90EE-369EA3EE735A}.Release|Any CPU.ActiveCfg = Release|Any CPU
		{57B66F73-7A1A-4EBE-90EE-369EA3EE735A}.Release|Any CPU.Build.0 = Release|Any CPU
	EndGlobalSection
	GlobalSection(SolutionProperties) = preSolution
		HideSolutionNode = FALSE
	EndGlobalSection
	GlobalSection(ExtensibilityGlobals) = postSolution
		SolutionGuid = {E94ED64D-3B25-4643-A063-192DBD765450}
	EndGlobalSection
EndGlobal
