
Microsoft Visual Studio Solution File, Format Version 12.00
# Visual Studio Version 16
VisualStudioVersion = 16.0.30114.105
MinimumVisualStudioVersion = 10.0.40219.1
Project("{FAE04EC0-301F-11D3-BF4B-00C04F79EFBC}") = "soal 1", "soal 1\soal 1.csproj", "{5827C24F-CA9A-4142-8B6F-CCAEC398026C}"
EndProject
Global
	GlobalSection(SolutionConfigurationPlatforms) = preSolution
		Debug|Any CPU = Debug|Any CPU
		Release|Any CPU = Release|Any CPU
	EndGlobalSection
	GlobalSection(ProjectConfigurationPlatforms) = postSolution
		{5827C24F-CA9A-4142-8B6F-CCAEC398026C}.Debug|Any CPU.ActiveCfg = Debug|Any CPU
		{5827C24F-CA9A-4142-8B6F-CCAEC398026C}.Debug|Any CPU.Build.0 = Debug|Any CPU
		{5827C24F-CA9A-4142-8B6F-CCAEC398026C}.Release|Any CPU.ActiveCfg = Release|Any CPU
		{5827C24F-CA9A-4142-8B6F-CCAEC398026C}.Release|Any CPU.Build.0 = Release|Any CPU
	EndGlobalSection
	GlobalSection(SolutionProperties) = preSolution
		HideSolutionNode = FALSE
	EndGlobalSection
	GlobalSection(ExtensibilityGlobals) = postSolution
		SolutionGuid = {D222F2FE-90BB-4082-9C97-F1EA47F0FB30}
	EndGlobalSection
EndGlobal
