
Microsoft Visual Studio Solution File, Format Version 12.00
# Visual Studio Version 16
VisualStudioVersion = 16.0.31321.278
MinimumVisualStudioVersion = 10.0.40219.1
Project("{FAE04EC0-301F-11D3-BF4B-00C04F79EFBC}") = "soal 2", "soal 2\soal 2.csproj", "{47760ED1-1047-4E54-88DB-4C932C08CD21}"
EndProject
Global
	GlobalSection(SolutionConfigurationPlatforms) = preSolution
		Debug|Any CPU = Debug|Any CPU
		Release|Any CPU = Release|Any CPU
	EndGlobalSection
	GlobalSection(ProjectConfigurationPlatforms) = postSolution
		{47760ED1-1047-4E54-88DB-4C932C08CD21}.Debug|Any CPU.ActiveCfg = Debug|Any CPU
		{47760ED1-1047-4E54-88DB-4C932C08CD21}.Debug|Any CPU.Build.0 = Debug|Any CPU
		{47760ED1-1047-4E54-88DB-4C932C08CD21}.Release|Any CPU.ActiveCfg = Release|Any CPU
		{47760ED1-1047-4E54-88DB-4C932C08CD21}.Release|Any CPU.Build.0 = Release|Any CPU
	EndGlobalSection
	GlobalSection(SolutionProperties) = preSolution
		HideSolutionNode = FALSE
	EndGlobalSection
	GlobalSection(ExtensibilityGlobals) = postSolution
		SolutionGuid = {7931483A-D55E-450F-B0E8-406F532C69CE}
	EndGlobalSection
EndGlobal
