
Microsoft Visual Studio Solution File, Format Version 12.00
# Visual Studio Version 16
VisualStudioVersion = 16.0.30114.105
MinimumVisualStudioVersion = 10.0.40219.1
Project("{FAE04EC0-301F-11D3-BF4B-00C04F79EFBC}") = "soal 2 emtiazi", "soal 2 emtiazi\soal 2 emtiazi.csproj", "{8201DC85-62AE-4288-8CD5-980155D0B637}"
EndProject
Global
	GlobalSection(SolutionConfigurationPlatforms) = preSolution
		Debug|Any CPU = Debug|Any CPU
		Release|Any CPU = Release|Any CPU
	EndGlobalSection
	GlobalSection(ProjectConfigurationPlatforms) = postSolution
		{8201DC85-62AE-4288-8CD5-980155D0B637}.Debug|Any CPU.ActiveCfg = Debug|Any CPU
		{8201DC85-62AE-4288-8CD5-980155D0B637}.Debug|Any CPU.Build.0 = Debug|Any CPU
		{8201DC85-62AE-4288-8CD5-980155D0B637}.Release|Any CPU.ActiveCfg = Release|Any CPU
		{8201DC85-62AE-4288-8CD5-980155D0B637}.Release|Any CPU.Build.0 = Release|Any CPU
	EndGlobalSection
	GlobalSection(SolutionProperties) = preSolution
		HideSolutionNode = FALSE
	EndGlobalSection
	GlobalSection(ExtensibilityGlobals) = postSolution
		SolutionGuid = {F6855FD3-2AA5-46AA-B041-D6C12C13750D}
	EndGlobalSection
EndGlobal
