
Microsoft Visual Studio Solution File, Format Version 12.00
# Visual Studio Version 16
VisualStudioVersion = 16.0.30114.105
MinimumVisualStudioVersion = 10.0.40219.1
Project("{FAE04EC0-301F-11D3-BF4B-00C04F79EFBC}") = "soal 2", "soal 2\soal 2.csproj", "{0DAF3D4D-5033-4CAE-A505-20F79CDA12CE}"
EndProject
Global
	GlobalSection(SolutionConfigurationPlatforms) = preSolution
		Debug|Any CPU = Debug|Any CPU
		Release|Any CPU = Release|Any CPU
	EndGlobalSection
	GlobalSection(ProjectConfigurationPlatforms) = postSolution
		{0DAF3D4D-5033-4CAE-A505-20F79CDA12CE}.Debug|Any CPU.ActiveCfg = Debug|Any CPU
		{0DAF3D4D-5033-4CAE-A505-20F79CDA12CE}.Debug|Any CPU.Build.0 = Debug|Any CPU
		{0DAF3D4D-5033-4CAE-A505-20F79CDA12CE}.Release|Any CPU.ActiveCfg = Release|Any CPU
		{0DAF3D4D-5033-4CAE-A505-20F79CDA12CE}.Release|Any CPU.Build.0 = Release|Any CPU
	EndGlobalSection
	GlobalSection(SolutionProperties) = preSolution
		HideSolutionNode = FALSE
	EndGlobalSection
	GlobalSection(ExtensibilityGlobals) = postSolution
		SolutionGuid = {8E1E5F84-AE68-4916-8D01-C2A7F50EAC8D}
	EndGlobalSection
EndGlobal
