
Microsoft Visual Studio Solution File, Format Version 12.00
# Visual Studio Version 16
VisualStudioVersion = 16.0.30114.105
MinimumVisualStudioVersion = 10.0.40219.1
Project("{FAE04EC0-301F-11D3-BF4B-00C04F79EFBC}") = "soal 4", "soal 4\soal 4.csproj", "{EB22A240-A655-49CE-A013-0A575D6B3155}"
EndProject
Global
	GlobalSection(SolutionConfigurationPlatforms) = preSolution
		Debug|Any CPU = Debug|Any CPU
		Release|Any CPU = Release|Any CPU
	EndGlobalSection
	GlobalSection(ProjectConfigurationPlatforms) = postSolution
		{EB22A240-A655-49CE-A013-0A575D6B3155}.Debug|Any CPU.ActiveCfg = Debug|Any CPU
		{EB22A240-A655-49CE-A013-0A575D6B3155}.Debug|Any CPU.Build.0 = Debug|Any CPU
		{EB22A240-A655-49CE-A013-0A575D6B3155}.Release|Any CPU.ActiveCfg = Release|Any CPU
		{EB22A240-A655-49CE-A013-0A575D6B3155}.Release|Any CPU.Build.0 = Release|Any CPU
	EndGlobalSection
	GlobalSection(SolutionProperties) = preSolution
		HideSolutionNode = FALSE
	EndGlobalSection
	GlobalSection(ExtensibilityGlobals) = postSolution
		SolutionGuid = {03405B6F-64DD-4762-AC1E-CEDA08B04BE3}
	EndGlobalSection
EndGlobal
